// !$*UTF8*$!
{
	archiveVersion = 1;
	classes = {
	};
	objectVersion = 46;
	objects = {

/* Begin PBXBuildFile section */
		240D42E11F63F631002C4BBE /* Section.swift in Sources */ = {isa = PBXBuildFile; fileRef = 240D42E01F63F631002C4BBE /* Section.swift */; };
		240D42E41F63F73E002C4BBE /* ExpandableHeaderView.swift in Sources */ = {isa = PBXBuildFile; fileRef = 240D42E31F63F73E002C4BBE /* ExpandableHeaderView.swift */; };
		240D42E61F63F7F4002C4BBE /* ExpandableHeaderView.xib in Resources */ = {isa = PBXBuildFile; fileRef = 240D42E51F63F7F4002C4BBE /* ExpandableHeaderView.xib */; };
		240D42E91F63FC03002C4BBE /* SearchSelectViewController.swift in Sources */ = {isa = PBXBuildFile; fileRef = 240D42E81F63FC03002C4BBE /* SearchSelectViewController.swift */; };
		2434A1A61F9B2C300071C39E /* RankingTableViewController.swift in Sources */ = {isa = PBXBuildFile; fileRef = 2434A1A51F9B2C300071C39E /* RankingTableViewController.swift */; };
		2434A1AA1F9B2CAC0071C39E /* RankingTableViewCell.swift in Sources */ = {isa = PBXBuildFile; fileRef = 2434A1A91F9B2CAC0071C39E /* RankingTableViewCell.swift */; };
		2434A1AC1F9CBDAD0071C39E /* CompareTableViewCell.swift in Sources */ = {isa = PBXBuildFile; fileRef = 2434A1AB1F9CBDAD0071C39E /* CompareTableViewCell.swift */; };
		2434A1AE1F9CBE130071C39E /* CompareModel.swift in Sources */ = {isa = PBXBuildFile; fileRef = 2434A1AD1F9CBE130071C39E /* CompareModel.swift */; };
		2434A1B01F9CBE7F0071C39E /* CompareTableViewController.swift in Sources */ = {isa = PBXBuildFile; fileRef = 2434A1AF1F9CBE7F0071C39E /* CompareTableViewController.swift */; };
		2434A1B21F9CBEA90071C39E /* LatestTableViewController.swift in Sources */ = {isa = PBXBuildFile; fileRef = 2434A1B11F9CBEA90071C39E /* LatestTableViewController.swift */; };
		2434A1B61F9EC3290071C39E /* HomeTableViewCell.swift in Sources */ = {isa = PBXBuildFile; fileRef = 2434A1B51F9EC3290071C39E /* HomeTableViewCell.swift */; };
		2434A1B81F9EC5390071C39E /* GreatValRentTableViewController.swift in Sources */ = {isa = PBXBuildFile; fileRef = 2434A1B71F9EC5390071C39E /* GreatValRentTableViewController.swift */; };
		2434A1BA1FA602A00071C39E /* HomeViewController.swift in Sources */ = {isa = PBXBuildFile; fileRef = 2434A1B91FA602A00071C39E /* HomeViewController.swift */; };
		244D016A1F46E9B400D726D8 /* RentTableViewCell.swift in Sources */ = {isa = PBXBuildFile; fileRef = 244D01691F46E9B400D726D8 /* RentTableViewCell.swift */; };
		244D01701F49296100D726D8 /* Rents.swift in Sources */ = {isa = PBXBuildFile; fileRef = 244D016F1F49296100D726D8 /* Rents.swift */; };
		245D77651F385DDB0022D84C /* PersonalCenterTableViewController.swift in Sources */ = {isa = PBXBuildFile; fileRef = 245D77641F385DDB0022D84C /* PersonalCenterTableViewController.swift */; };
		24606E281F403ADF008E6CA1 /* RentSearchTableViewController.swift in Sources */ = {isa = PBXBuildFile; fileRef = 24606E271F403ADF008E6CA1 /* RentSearchTableViewController.swift */; };
		246FC9681F288D4E00F44CC8 /* TenantSignupViewController.swift in Sources */ = {isa = PBXBuildFile; fileRef = 246FC9671F288D4E00F44CC8 /* TenantSignupViewController.swift */; };
		246FC96A1F288D8400F44CC8 /* LandlordSignupViewController.swift in Sources */ = {isa = PBXBuildFile; fileRef = 246FC9691F288D8400F44CC8 /* LandlordSignupViewController.swift */; };
		248D498C1F0C4453001FC144 /* LoginViewController.swift in Sources */ = {isa = PBXBuildFile; fileRef = 248D498B1F0C4453001FC144 /* LoginViewController.swift */; };
		24917FE01FA60EAD0007A851 /* Amarker.swift in Sources */ = {isa = PBXBuildFile; fileRef = 24917FDF1FA60EAD0007A851 /* Amarker.swift */; };
		24A3720F1F8482C40052D02B /* Bolts.framework in Frameworks */ = {isa = PBXBuildFile; fileRef = 24A3720E1F8482C40052D02B /* Bolts.framework */; };
		24A372111F8482EA0052D02B /* FBSDKLoginKit.framework in Frameworks */ = {isa = PBXBuildFile; fileRef = 24A372101F8482EA0052D02B /* FBSDKLoginKit.framework */; };
		24A372131F8482F60052D02B /* FBSDKShareKit.framework in Frameworks */ = {isa = PBXBuildFile; fileRef = 24A372121F8482F60052D02B /* FBSDKShareKit.framework */; };
		24A372151F8483040052D02B /* FBSDKCoreKit.framework in Frameworks */ = {isa = PBXBuildFile; fileRef = 24A372141F8483040052D02B /* FBSDKCoreKit.framework */; };
		24C4736A1F25EEB700A1B9F2 /* ContainerViewController.swift in Sources */ = {isa = PBXBuildFile; fileRef = 24C473691F25EEB700A1B9F2 /* ContainerViewController.swift */; };
		24C51FC81F0ABC3A00EA28F4 /* AppDelegate.swift in Sources */ = {isa = PBXBuildFile; fileRef = 24C51FC71F0ABC3A00EA28F4 /* AppDelegate.swift */; };
		24C51FCA1F0ABC3A00EA28F4 /* ViewController.swift in Sources */ = {isa = PBXBuildFile; fileRef = 24C51FC91F0ABC3A00EA28F4 /* ViewController.swift */; };
		24C51FCD1F0ABC3A00EA28F4 /* Main.storyboard in Resources */ = {isa = PBXBuildFile; fileRef = 24C51FCB1F0ABC3A00EA28F4 /* Main.storyboard */; };
		24C51FCF1F0ABC3A00EA28F4 /* Assets.xcassets in Resources */ = {isa = PBXBuildFile; fileRef = 24C51FCE1F0ABC3A00EA28F4 /* Assets.xcassets */; };
		24C51FD21F0ABC3A00EA28F4 /* LaunchScreen.storyboard in Resources */ = {isa = PBXBuildFile; fileRef = 24C51FD01F0ABC3A00EA28F4 /* LaunchScreen.storyboard */; };
		7A056DF61F6BC21B0070B8B9 /* FavoriteTableViewController.swift in Sources */ = {isa = PBXBuildFile; fileRef = 7A056DF51F6BC21B0070B8B9 /* FavoriteTableViewController.swift */; };
		7A056DF81F6BC2620070B8B9 /* Favorite.swift in Sources */ = {isa = PBXBuildFile; fileRef = 7A056DF71F6BC2620070B8B9 /* Favorite.swift */; };
		7A5EF0291F6A60F700DBF507 /* Img.swift in Sources */ = {isa = PBXBuildFile; fileRef = 7A5EF0281F6A60F600DBF507 /* Img.swift */; };
		7AA2BD631F823FF9007D49BE /* MutiMarkerViewController.swift in Sources */ = {isa = PBXBuildFile; fileRef = 7AA2BD621F823FF9007D49BE /* MutiMarkerViewController.swift */; };
		7AD719111F6D358A00AB757A /* SearchFooter.swift in Sources */ = {isa = PBXBuildFile; fileRef = 7AD719101F6D358A00AB757A /* SearchFooter.swift */; };
		7AD7191B1F6FC4B900AB757A /* Reports.swift in Sources */ = {isa = PBXBuildFile; fileRef = 7AD7191A1F6FC4B900AB757A /* Reports.swift */; };
		7AD7191D1F714C7C00AB757A /* PersonalMessageTableViewController.swift in Sources */ = {isa = PBXBuildFile; fileRef = 7AD7191C1F714C7C00AB757A /* PersonalMessageTableViewController.swift */; };
		7AD719211F7154D800AB757A /* PersonalMessageTableViewCell.swift in Sources */ = {isa = PBXBuildFile; fileRef = 7AD719201F7154D800AB757A /* PersonalMessageTableViewCell.swift */; };
		7AD9ACC21F627E9000FD926C /* DetailGoogleMapViewController.swift in Sources */ = {isa = PBXBuildFile; fileRef = 7AD9ACC11F627E9000FD926C /* DetailGoogleMapViewController.swift */; };
		C324846D4FF2A231BF2ADF3F /* libPods-FJU-RENT.a in Frameworks */ = {isa = PBXBuildFile; fileRef = 3D708C30D4AE0C9F73A7DAE3 /* libPods-FJU-RENT.a */; };
		DD15F15D1F4D676500FD92A7 /* AddModel.swift in Sources */ = {isa = PBXBuildFile; fileRef = DD15F15C1F4D676500FD92A7 /* AddModel.swift */; };
		DD15F15F1F4D67B200FD92A7 /* RentalTableViewController.swift in Sources */ = {isa = PBXBuildFile; fileRef = DD15F15E1F4D67B200FD92A7 /* RentalTableViewController.swift */; };
		DD15F1611F4D682900FD92A7 /* DisplayTableViewCell.swift in Sources */ = {isa = PBXBuildFile; fileRef = DD15F1601F4D682900FD92A7 /* DisplayTableViewCell.swift */; };
		DD1BF05C1F105E98007CF49B /* GoogleService-Info.plist in Resources */ = {isa = PBXBuildFile; fileRef = DD1BF05B1F105E98007CF49B /* GoogleService-Info.plist */; };
		DD229DA41F64088D0004F549 /* EditRentalTableViewController.swift in Sources */ = {isa = PBXBuildFile; fileRef = DD229DA31F64088D0004F549 /* EditRentalTableViewController.swift */; };
		DD2968B21F5157BB00FE2050 /* DetailTableViewController.swift in Sources */ = {isa = PBXBuildFile; fileRef = DD2968B11F5157BB00FE2050 /* DetailTableViewController.swift */; };
		DD793E451F1A1A3C00651D2A /* ResetPwdViewController.swift in Sources */ = {isa = PBXBuildFile; fileRef = DD793E441F1A1A3C00651D2A /* ResetPwdViewController.swift */; };
		DD8E6F631F5173B3001719ED /* AddRentalTableViewController.swift in Sources */ = {isa = PBXBuildFile; fileRef = DD8E6F621F5173B3001719ED /* AddRentalTableViewController.swift */; };
		DEB870D11F5D5A0100080545 /* ChatViewController.swift in Sources */ = {isa = PBXBuildFile; fileRef = DEB870D01F5D5A0100080545 /* ChatViewController.swift */; };
		DEB870D31F5D5A3100080545 /* Post.swift in Sources */ = {isa = PBXBuildFile; fileRef = DEB870D21F5D5A3100080545 /* Post.swift */; };
		DEB870D51F5D5A7700080545 /* ChatTableViewCell.swift in Sources */ = {isa = PBXBuildFile; fileRef = DEB870D41F5D5A7700080545 /* ChatTableViewCell.swift */; };
		DEB870D71F5FE29000080545 /* GoogleMapsViewController.swift in Sources */ = {isa = PBXBuildFile; fileRef = DEB870D61F5FE29000080545 /* GoogleMapsViewController.swift */; };
		DEB870D91F5FF00900080545 /* SystemMessageTableViewController.swift in Sources */ = {isa = PBXBuildFile; fileRef = DEB870D81F5FF00900080545 /* SystemMessageTableViewController.swift */; };
		DEB870DB1F5FF03D00080545 /* SystemMessageDetailViewController.swift in Sources */ = {isa = PBXBuildFile; fileRef = DEB870DA1F5FF03D00080545 /* SystemMessageDetailViewController.swift */; };
		DEB870DD1F5FF0D100080545 /* SystemMessageTableViewCell.swift in Sources */ = {isa = PBXBuildFile; fileRef = DEB870DC1F5FF0D100080545 /* SystemMessageTableViewCell.swift */; };
/* End PBXBuildFile section */

/* Begin PBXFileReference section */
		240D42E01F63F631002C4BBE /* Section.swift */ = {isa = PBXFileReference; fileEncoding = 4; lastKnownFileType = sourcecode.swift; path = Section.swift; sourceTree = "<group>"; };
		240D42E31F63F73E002C4BBE /* ExpandableHeaderView.swift */ = {isa = PBXFileReference; fileEncoding = 4; lastKnownFileType = sourcecode.swift; path = ExpandableHeaderView.swift; sourceTree = "<group>"; };
		240D42E51F63F7F4002C4BBE /* ExpandableHeaderView.xib */ = {isa = PBXFileReference; fileEncoding = 4; lastKnownFileType = file.xib; path = ExpandableHeaderView.xib; sourceTree = "<group>"; };
		240D42E81F63FC03002C4BBE /* SearchSelectViewController.swift */ = {isa = PBXFileReference; fileEncoding = 4; lastKnownFileType = sourcecode.swift; path = SearchSelectViewController.swift; sourceTree = "<group>"; };
		2434A1A51F9B2C300071C39E /* RankingTableViewController.swift */ = {isa = PBXFileReference; fileEncoding = 4; lastKnownFileType = sourcecode.swift; path = RankingTableViewController.swift; sourceTree = "<group>"; };
		2434A1A91F9B2CAC0071C39E /* RankingTableViewCell.swift */ = {isa = PBXFileReference; fileEncoding = 4; lastKnownFileType = sourcecode.swift; path = RankingTableViewCell.swift; sourceTree = "<group>"; };
		2434A1AB1F9CBDAD0071C39E /* CompareTableViewCell.swift */ = {isa = PBXFileReference; fileEncoding = 4; lastKnownFileType = sourcecode.swift; path = CompareTableViewCell.swift; sourceTree = "<group>"; };
		2434A1AD1F9CBE130071C39E /* CompareModel.swift */ = {isa = PBXFileReference; fileEncoding = 4; lastKnownFileType = sourcecode.swift; path = CompareModel.swift; sourceTree = "<group>"; };
		2434A1AF1F9CBE7F0071C39E /* CompareTableViewController.swift */ = {isa = PBXFileReference; fileEncoding = 4; lastKnownFileType = sourcecode.swift; path = CompareTableViewController.swift; sourceTree = "<group>"; };
		2434A1B11F9CBEA90071C39E /* LatestTableViewController.swift */ = {isa = PBXFileReference; fileEncoding = 4; lastKnownFileType = sourcecode.swift; path = LatestTableViewController.swift; sourceTree = "<group>"; };
		2434A1B51F9EC3290071C39E /* HomeTableViewCell.swift */ = {isa = PBXFileReference; fileEncoding = 4; lastKnownFileType = sourcecode.swift; path = HomeTableViewCell.swift; sourceTree = "<group>"; };
		2434A1B71F9EC5390071C39E /* GreatValRentTableViewController.swift */ = {isa = PBXFileReference; fileEncoding = 4; lastKnownFileType = sourcecode.swift; path = GreatValRentTableViewController.swift; sourceTree = "<group>"; };
		2434A1B91FA602A00071C39E /* HomeViewController.swift */ = {isa = PBXFileReference; fileEncoding = 4; lastKnownFileType = sourcecode.swift; path = HomeViewController.swift; sourceTree = "<group>"; };
		244D01691F46E9B400D726D8 /* RentTableViewCell.swift */ = {isa = PBXFileReference; fileEncoding = 4; lastKnownFileType = sourcecode.swift; path = RentTableViewCell.swift; sourceTree = "<group>"; };
		244D016F1F49296100D726D8 /* Rents.swift */ = {isa = PBXFileReference; fileEncoding = 4; lastKnownFileType = sourcecode.swift; path = Rents.swift; sourceTree = "<group>"; };
		245D77641F385DDB0022D84C /* PersonalCenterTableViewController.swift */ = {isa = PBXFileReference; fileEncoding = 4; lastKnownFileType = sourcecode.swift; path = PersonalCenterTableViewController.swift; sourceTree = "<group>"; };
		24606E271F403ADF008E6CA1 /* RentSearchTableViewController.swift */ = {isa = PBXFileReference; fileEncoding = 4; lastKnownFileType = sourcecode.swift; path = RentSearchTableViewController.swift; sourceTree = "<group>"; };
		246FC9671F288D4E00F44CC8 /* TenantSignupViewController.swift */ = {isa = PBXFileReference; fileEncoding = 4; lastKnownFileType = sourcecode.swift; path = TenantSignupViewController.swift; sourceTree = "<group>"; };
		246FC9691F288D8400F44CC8 /* LandlordSignupViewController.swift */ = {isa = PBXFileReference; fileEncoding = 4; lastKnownFileType = sourcecode.swift; path = LandlordSignupViewController.swift; sourceTree = "<group>"; };
		248D498B1F0C4453001FC144 /* LoginViewController.swift */ = {isa = PBXFileReference; fileEncoding = 4; lastKnownFileType = sourcecode.swift; path = LoginViewController.swift; sourceTree = "<group>"; };
		24917FDF1FA60EAD0007A851 /* Amarker.swift */ = {isa = PBXFileReference; fileEncoding = 4; lastKnownFileType = sourcecode.swift; path = Amarker.swift; sourceTree = "<group>"; };
		24A3720E1F8482C40052D02B /* Bolts.framework */ = {isa = PBXFileReference; lastKnownFileType = wrapper.framework; name = Bolts.framework; path = ../../Documents/FacebookSDK/Bolts.framework; sourceTree = "<group>"; };
		24A372101F8482EA0052D02B /* FBSDKLoginKit.framework */ = {isa = PBXFileReference; lastKnownFileType = wrapper.framework; name = FBSDKLoginKit.framework; path = ../../Documents/FacebookSDK/FBSDKLoginKit.framework; sourceTree = "<group>"; };
		24A372121F8482F60052D02B /* FBSDKShareKit.framework */ = {isa = PBXFileReference; lastKnownFileType = wrapper.framework; name = FBSDKShareKit.framework; path = ../../Documents/FacebookSDK/FBSDKShareKit.framework; sourceTree = "<group>"; };
		24A372141F8483040052D02B /* FBSDKCoreKit.framework */ = {isa = PBXFileReference; lastKnownFileType = wrapper.framework; name = FBSDKCoreKit.framework; path = ../../Documents/FacebookSDK/FBSDKCoreKit.framework; sourceTree = "<group>"; };
		24C473691F25EEB700A1B9F2 /* ContainerViewController.swift */ = {isa = PBXFileReference; fileEncoding = 4; lastKnownFileType = sourcecode.swift; path = ContainerViewController.swift; sourceTree = "<group>"; };
		24C51FC41F0ABC3A00EA28F4 /* FJU-RENT.app */ = {isa = PBXFileReference; explicitFileType = wrapper.application; includeInIndex = 0; path = "FJU-RENT.app"; sourceTree = BUILT_PRODUCTS_DIR; };
		24C51FC71F0ABC3A00EA28F4 /* AppDelegate.swift */ = {isa = PBXFileReference; lastKnownFileType = sourcecode.swift; path = AppDelegate.swift; sourceTree = "<group>"; };
		24C51FC91F0ABC3A00EA28F4 /* ViewController.swift */ = {isa = PBXFileReference; lastKnownFileType = sourcecode.swift; path = ViewController.swift; sourceTree = "<group>"; };
		24C51FCC1F0ABC3A00EA28F4 /* Base */ = {isa = PBXFileReference; lastKnownFileType = file.storyboard; name = Base; path = Base.lproj/Main.storyboard; sourceTree = "<group>"; };
		24C51FCE1F0ABC3A00EA28F4 /* Assets.xcassets */ = {isa = PBXFileReference; lastKnownFileType = folder.assetcatalog; path = Assets.xcassets; sourceTree = "<group>"; };
		24C51FD11F0ABC3A00EA28F4 /* Base */ = {isa = PBXFileReference; lastKnownFileType = file.storyboard; name = Base; path = Base.lproj/LaunchScreen.storyboard; sourceTree = "<group>"; };
		24C51FD31F0ABC3A00EA28F4 /* Info.plist */ = {isa = PBXFileReference; lastKnownFileType = text.plist.xml; path = Info.plist; sourceTree = "<group>"; };
		3D708C30D4AE0C9F73A7DAE3 /* libPods-FJU-RENT.a */ = {isa = PBXFileReference; explicitFileType = archive.ar; includeInIndex = 0; path = "libPods-FJU-RENT.a"; sourceTree = BUILT_PRODUCTS_DIR; };
		654CF5A41E9D01F65D9B5050 /* Pods-FJU-RENT.release.xcconfig */ = {isa = PBXFileReference; includeInIndex = 1; lastKnownFileType = text.xcconfig; name = "Pods-FJU-RENT.release.xcconfig"; path = "Pods/Target Support Files/Pods-FJU-RENT/Pods-FJU-RENT.release.xcconfig"; sourceTree = "<group>"; };
		7310FE69EA64A218934FAB6C /* Pods-FJU-RENT.debug.xcconfig */ = {isa = PBXFileReference; includeInIndex = 1; lastKnownFileType = text.xcconfig; name = "Pods-FJU-RENT.debug.xcconfig"; path = "Pods/Target Support Files/Pods-FJU-RENT/Pods-FJU-RENT.debug.xcconfig"; sourceTree = "<group>"; };
		7A056DF51F6BC21B0070B8B9 /* FavoriteTableViewController.swift */ = {isa = PBXFileReference; fileEncoding = 4; lastKnownFileType = sourcecode.swift; path = FavoriteTableViewController.swift; sourceTree = "<group>"; };
		7A056DF71F6BC2620070B8B9 /* Favorite.swift */ = {isa = PBXFileReference; fileEncoding = 4; lastKnownFileType = sourcecode.swift; path = Favorite.swift; sourceTree = "<group>"; };
		7A5EF0281F6A60F600DBF507 /* Img.swift */ = {isa = PBXFileReference; fileEncoding = 4; lastKnownFileType = sourcecode.swift; path = Img.swift; sourceTree = "<group>"; };
		7AA2BD621F823FF9007D49BE /* MutiMarkerViewController.swift */ = {isa = PBXFileReference; fileEncoding = 4; lastKnownFileType = sourcecode.swift; path = MutiMarkerViewController.swift; sourceTree = "<group>"; };
		7AD719101F6D358A00AB757A /* SearchFooter.swift */ = {isa = PBXFileReference; fileEncoding = 4; lastKnownFileType = sourcecode.swift; path = SearchFooter.swift; sourceTree = "<group>"; };
		7AD7191A1F6FC4B900AB757A /* Reports.swift */ = {isa = PBXFileReference; fileEncoding = 4; lastKnownFileType = sourcecode.swift; path = Reports.swift; sourceTree = "<group>"; };
		7AD7191C1F714C7C00AB757A /* PersonalMessageTableViewController.swift */ = {isa = PBXFileReference; fileEncoding = 4; lastKnownFileType = sourcecode.swift; path = PersonalMessageTableViewController.swift; sourceTree = "<group>"; };
		7AD719201F7154D800AB757A /* PersonalMessageTableViewCell.swift */ = {isa = PBXFileReference; fileEncoding = 4; lastKnownFileType = sourcecode.swift; path = PersonalMessageTableViewCell.swift; sourceTree = "<group>"; };
		7AD9ACC11F627E9000FD926C /* DetailGoogleMapViewController.swift */ = {isa = PBXFileReference; fileEncoding = 4; lastKnownFileType = sourcecode.swift; path = DetailGoogleMapViewController.swift; sourceTree = "<group>"; };
		DD15F15C1F4D676500FD92A7 /* AddModel.swift */ = {isa = PBXFileReference; fileEncoding = 4; lastKnownFileType = sourcecode.swift; path = AddModel.swift; sourceTree = "<group>"; };
		DD15F15E1F4D67B200FD92A7 /* RentalTableViewController.swift */ = {isa = PBXFileReference; fileEncoding = 4; lastKnownFileType = sourcecode.swift; path = RentalTableViewController.swift; sourceTree = "<group>"; };
		DD15F1601F4D682900FD92A7 /* DisplayTableViewCell.swift */ = {isa = PBXFileReference; fileEncoding = 4; lastKnownFileType = sourcecode.swift; path = DisplayTableViewCell.swift; sourceTree = "<group>"; };
		DD1BF05B1F105E98007CF49B /* GoogleService-Info.plist */ = {isa = PBXFileReference; fileEncoding = 4; lastKnownFileType = text.plist.xml; path = "GoogleService-Info.plist"; sourceTree = "<group>"; };
		DD229DA31F64088D0004F549 /* EditRentalTableViewController.swift */ = {isa = PBXFileReference; fileEncoding = 4; lastKnownFileType = sourcecode.swift; path = EditRentalTableViewController.swift; sourceTree = "<group>"; };
		DD2968B11F5157BB00FE2050 /* DetailTableViewController.swift */ = {isa = PBXFileReference; fileEncoding = 4; lastKnownFileType = sourcecode.swift; path = DetailTableViewController.swift; sourceTree = "<group>"; };
		DD793E441F1A1A3C00651D2A /* ResetPwdViewController.swift */ = {isa = PBXFileReference; fileEncoding = 4; lastKnownFileType = sourcecode.swift; path = ResetPwdViewController.swift; sourceTree = "<group>"; };
		DD8E6F621F5173B3001719ED /* AddRentalTableViewController.swift */ = {isa = PBXFileReference; fileEncoding = 4; lastKnownFileType = sourcecode.swift; path = AddRentalTableViewController.swift; sourceTree = "<group>"; };
		DEB870D01F5D5A0100080545 /* ChatViewController.swift */ = {isa = PBXFileReference; fileEncoding = 4; lastKnownFileType = sourcecode.swift; path = ChatViewController.swift; sourceTree = "<group>"; };
		DEB870D21F5D5A3100080545 /* Post.swift */ = {isa = PBXFileReference; fileEncoding = 4; lastKnownFileType = sourcecode.swift; path = Post.swift; sourceTree = "<group>"; };
		DEB870D41F5D5A7700080545 /* ChatTableViewCell.swift */ = {isa = PBXFileReference; fileEncoding = 4; lastKnownFileType = sourcecode.swift; path = ChatTableViewCell.swift; sourceTree = "<group>"; };
		DEB870D61F5FE29000080545 /* GoogleMapsViewController.swift */ = {isa = PBXFileReference; fileEncoding = 4; lastKnownFileType = sourcecode.swift; path = GoogleMapsViewController.swift; sourceTree = "<group>"; };
		DEB870D81F5FF00900080545 /* SystemMessageTableViewController.swift */ = {isa = PBXFileReference; fileEncoding = 4; lastKnownFileType = sourcecode.swift; path = SystemMessageTableViewController.swift; sourceTree = "<group>"; };
		DEB870DA1F5FF03D00080545 /* SystemMessageDetailViewController.swift */ = {isa = PBXFileReference; fileEncoding = 4; lastKnownFileType = sourcecode.swift; path = SystemMessageDetailViewController.swift; sourceTree = "<group>"; };
		DEB870DC1F5FF0D100080545 /* SystemMessageTableViewCell.swift */ = {isa = PBXFileReference; fileEncoding = 4; lastKnownFileType = sourcecode.swift; path = SystemMessageTableViewCell.swift; sourceTree = "<group>"; };
/* End PBXFileReference section */

/* Begin PBXFrameworksBuildPhase section */
		24C51FC11F0ABC3A00EA28F4 /* Frameworks */ = {
			isa = PBXFrameworksBuildPhase;
			buildActionMask = 2147483647;
			files = (
				24A372151F8483040052D02B /* FBSDKCoreKit.framework in Frameworks */,
				24A372131F8482F60052D02B /* FBSDKShareKit.framework in Frameworks */,
				24A372111F8482EA0052D02B /* FBSDKLoginKit.framework in Frameworks */,
				24A3720F1F8482C40052D02B /* Bolts.framework in Frameworks */,
				C324846D4FF2A231BF2ADF3F /* libPods-FJU-RENT.a in Frameworks */,
			);
			runOnlyForDeploymentPostprocessing = 0;
		};
/* End PBXFrameworksBuildPhase section */

/* Begin PBXGroup section */
		240D42E21F63F6DE002C4BBE /* ExpandableHeaderView */ = {
			isa = PBXGroup;
			children = (
				7A5EF0281F6A60F600DBF507 /* Img.swift */,
				240D42E31F63F73E002C4BBE /* ExpandableHeaderView.swift */,
				240D42E51F63F7F4002C4BBE /* ExpandableHeaderView.xib */,
			);
			name = ExpandableHeaderView;
			sourceTree = "<group>";
		};
		240D42E71F63FA4F002C4BBE /* Search */ = {
			isa = PBXGroup;
			children = (
				24606E271F403ADF008E6CA1 /* RentSearchTableViewController.swift */,
				240D42E81F63FC03002C4BBE /* SearchSelectViewController.swift */,
				7AD719101F6D358A00AB757A /* SearchFooter.swift */,
			);
			name = Search;
			sourceTree = "<group>";
		};
		240D42EA1F63FC27002C4BBE /* SystemMessage&PC */ = {
			isa = PBXGroup;
			children = (
				245D77641F385DDB0022D84C /* PersonalCenterTableViewController.swift */,
				DEB870DA1F5FF03D00080545 /* SystemMessageDetailViewController.swift */,
				DEB870D81F5FF00900080545 /* SystemMessageTableViewController.swift */,
				7AD7191C1F714C7C00AB757A /* PersonalMessageTableViewController.swift */,
			);
			name = "SystemMessage&PC";
			sourceTree = "<group>";
		};
		240D42EB1F63FCA2002C4BBE /* SignUp */ = {
			isa = PBXGroup;
			children = (
				24C473691F25EEB700A1B9F2 /* ContainerViewController.swift */,
				246FC9691F288D8400F44CC8 /* LandlordSignupViewController.swift */,
				246FC9671F288D4E00F44CC8 /* TenantSignupViewController.swift */,
			);
			name = SignUp;
			sourceTree = "<group>";
		};
		240D42EC1F63FD43002C4BBE /* GoogleMap */ = {
			isa = PBXGroup;
			children = (
				7AD9ACC11F627E9000FD926C /* DetailGoogleMapViewController.swift */,
				DEB870D61F5FE29000080545 /* GoogleMapsViewController.swift */,
				7AA2BD621F823FF9007D49BE /* MutiMarkerViewController.swift */,
			);
			name = GoogleMap;
			sourceTree = "<group>";
		};
		240D42ED1F63FDE3002C4BBE /* 租屋資訊＆討論區 */ = {
			isa = PBXGroup;
			children = (
				2434A1AF1F9CBE7F0071C39E /* CompareTableViewController.swift */,
				2434A1B11F9CBEA90071C39E /* LatestTableViewController.swift */,
				DD8E6F621F5173B3001719ED /* AddRentalTableViewController.swift */,
				DEB870D01F5D5A0100080545 /* ChatViewController.swift */,
				DD2968B11F5157BB00FE2050 /* DetailTableViewController.swift */,
				DD15F15E1F4D67B200FD92A7 /* RentalTableViewController.swift */,
				7A056DF51F6BC21B0070B8B9 /* FavoriteTableViewController.swift */,
				DD229DA31F64088D0004F549 /* EditRentalTableViewController.swift */,
			);
			name = "租屋資訊＆討論區";
			sourceTree = "<group>";
		};
		2434A1A81F9B2C7E0071C39E /* 排行榜 */ = {
			isa = PBXGroup;
			children = (
				2434A1A51F9B2C300071C39E /* RankingTableViewController.swift */,
			);
			name = "排行榜";
			sourceTree = "<group>";
		};
		24564ED61F43962F006B8A1A /* Cell */ = {
			isa = PBXGroup;
			children = (
				2434A1AB1F9CBDAD0071C39E /* CompareTableViewCell.swift */,
				DEB870D41F5D5A7700080545 /* ChatTableViewCell.swift */,
				DD15F1601F4D682900FD92A7 /* DisplayTableViewCell.swift */,
				244D01691F46E9B400D726D8 /* RentTableViewCell.swift */,
				2434A1A91F9B2CAC0071C39E /* RankingTableViewCell.swift */,
				DEB870DC1F5FF0D100080545 /* SystemMessageTableViewCell.swift */,
				7AD719201F7154D800AB757A /* PersonalMessageTableViewCell.swift */,
				2434A1B51F9EC3290071C39E /* HomeTableViewCell.swift */,
			);
			name = Cell;
			sourceTree = "<group>";
		};
		24C51FBB1F0ABC3A00EA28F4 = {
			isa = PBXGroup;
			children = (
				24C51FC61F0ABC3A00EA28F4 /* FJU-RENT */,
				24C51FC51F0ABC3A00EA28F4 /* Products */,
				9754B39880719D364DC5B18C /* Pods */,
				D6AEC56C19688EAD5F68EC50 /* Frameworks */,
			);
			sourceTree = "<group>";
		};
		24C51FC51F0ABC3A00EA28F4 /* Products */ = {
			isa = PBXGroup;
			children = (
				24C51FC41F0ABC3A00EA28F4 /* FJU-RENT.app */,
			);
			name = Products;
			sourceTree = "<group>";
		};
		24C51FC61F0ABC3A00EA28F4 /* FJU-RENT */ = {
			isa = PBXGroup;
			children = (
				240D42E21F63F6DE002C4BBE /* ExpandableHeaderView */,
				24F67C5F1F463C2700EFD253 /* Model */,
				24C51FDB1F0BF5FB00EA28F4 /* Controller */,
				24564ED61F43962F006B8A1A /* Cell */,
				24C51FC71F0ABC3A00EA28F4 /* AppDelegate.swift */,
				24C51FCB1F0ABC3A00EA28F4 /* Main.storyboard */,
				24C51FCE1F0ABC3A00EA28F4 /* Assets.xcassets */,
				24C51FD01F0ABC3A00EA28F4 /* LaunchScreen.storyboard */,
				24C51FD31F0ABC3A00EA28F4 /* Info.plist */,
				DD1BF05B1F105E98007CF49B /* GoogleService-Info.plist */,
			);
			path = "FJU-RENT";
			sourceTree = "<group>";
		};
		24C51FDB1F0BF5FB00EA28F4 /* Controller */ = {
			isa = PBXGroup;
			children = (
				2434A1A81F9B2C7E0071C39E /* 排行榜 */,
				240D42ED1F63FDE3002C4BBE /* 租屋資訊＆討論區 */,
				240D42EC1F63FD43002C4BBE /* GoogleMap */,
				248D498B1F0C4453001FC144 /* LoginViewController.swift */,
				DD793E441F1A1A3C00651D2A /* ResetPwdViewController.swift */,
				240D42E71F63FA4F002C4BBE /* Search */,
				240D42EB1F63FCA2002C4BBE /* SignUp */,
				240D42EA1F63FC27002C4BBE /* SystemMessage&PC */,
				24C51FC91F0ABC3A00EA28F4 /* ViewController.swift */,
				2434A1B71F9EC5390071C39E /* GreatValRentTableViewController.swift */,
				2434A1B91FA602A00071C39E /* HomeViewController.swift */,
			);
			name = Controller;
			sourceTree = "<group>";
		};
		24F67C5F1F463C2700EFD253 /* Model */ = {
			isa = PBXGroup;
			children = (
				2434A1AD1F9CBE130071C39E /* CompareModel.swift */,
				DD15F15C1F4D676500FD92A7 /* AddModel.swift */,
				DEB870D21F5D5A3100080545 /* Post.swift */,
				244D016F1F49296100D726D8 /* Rents.swift */,
				240D42E01F63F631002C4BBE /* Section.swift */,
				7AD7191A1F6FC4B900AB757A /* Reports.swift */,
				7A056DF71F6BC2620070B8B9 /* Favorite.swift */,
				24917FDF1FA60EAD0007A851 /* Amarker.swift */,
			);
			name = Model;
			sourceTree = "<group>";
		};
		9754B39880719D364DC5B18C /* Pods */ = {
			isa = PBXGroup;
			children = (
				7310FE69EA64A218934FAB6C /* Pods-FJU-RENT.debug.xcconfig */,
				654CF5A41E9D01F65D9B5050 /* Pods-FJU-RENT.release.xcconfig */,
			);
			name = Pods;
			sourceTree = "<group>";
		};
		D6AEC56C19688EAD5F68EC50 /* Frameworks */ = {
			isa = PBXGroup;
			children = (
				24A372141F8483040052D02B /* FBSDKCoreKit.framework */,
				24A372121F8482F60052D02B /* FBSDKShareKit.framework */,
				24A372101F8482EA0052D02B /* FBSDKLoginKit.framework */,
				24A3720E1F8482C40052D02B /* Bolts.framework */,
				3D708C30D4AE0C9F73A7DAE3 /* libPods-FJU-RENT.a */,
			);
			name = Frameworks;
			sourceTree = "<group>";
		};
/* End PBXGroup section */

/* Begin PBXNativeTarget section */
		24C51FC31F0ABC3A00EA28F4 /* FJU-RENT */ = {
			isa = PBXNativeTarget;
			buildConfigurationList = 24C51FD61F0ABC3A00EA28F4 /* Build configuration list for PBXNativeTarget "FJU-RENT" */;
			buildPhases = (
				E882CF92C242B4D4AFB863D2 /* [CP] Check Pods Manifest.lock */,
				24C51FC01F0ABC3A00EA28F4 /* Sources */,
				24C51FC11F0ABC3A00EA28F4 /* Frameworks */,
				24C51FC21F0ABC3A00EA28F4 /* Resources */,
				CA623382B4C054CCFACB6D1A /* [CP] Embed Pods Frameworks */,
				A308D86037115BEF7AFB3F3E /* [CP] Copy Pods Resources */,
			);
			buildRules = (
			);
			dependencies = (
			);
			name = "FJU-RENT";
			productName = "FJU-RENT";
			productReference = 24C51FC41F0ABC3A00EA28F4 /* FJU-RENT.app */;
			productType = "com.apple.product-type.application";
		};
/* End PBXNativeTarget section */

/* Begin PBXProject section */
		24C51FBC1F0ABC3A00EA28F4 /* Project object */ = {
			isa = PBXProject;
			attributes = {
				LastSwiftUpdateCheck = 0830;
				LastUpgradeCheck = 0830;
				ORGANIZATIONNAME = Bomin;
				TargetAttributes = {
					24C51FC31F0ABC3A00EA28F4 = {
						CreatedOnToolsVersion = 8.3.2;
						DevelopmentTeam = JVCA9627RE;
						ProvisioningStyle = Automatic;
					};
				};
			};
			buildConfigurationList = 24C51FBF1F0ABC3A00EA28F4 /* Build configuration list for PBXProject "FJU-RENT" */;
			compatibilityVersion = "Xcode 3.2";
			developmentRegion = English;
			hasScannedForEncodings = 0;
			knownRegions = (
				en,
				Base,
			);
			mainGroup = 24C51FBB1F0ABC3A00EA28F4;
			productRefGroup = 24C51FC51F0ABC3A00EA28F4 /* Products */;
			projectDirPath = "";
			projectRoot = "";
			targets = (
				24C51FC31F0ABC3A00EA28F4 /* FJU-RENT */,
			);
		};
/* End PBXProject section */

/* Begin PBXResourcesBuildPhase section */
		24C51FC21F0ABC3A00EA28F4 /* Resources */ = {
			isa = PBXResourcesBuildPhase;
			buildActionMask = 2147483647;
			files = (
				24C51FD21F0ABC3A00EA28F4 /* LaunchScreen.storyboard in Resources */,
				DD1BF05C1F105E98007CF49B /* GoogleService-Info.plist in Resources */,
				24C51FCF1F0ABC3A00EA28F4 /* Assets.xcassets in Resources */,
				240D42E61F63F7F4002C4BBE /* ExpandableHeaderView.xib in Resources */,
				24C51FCD1F0ABC3A00EA28F4 /* Main.storyboard in Resources */,
			);
			runOnlyForDeploymentPostprocessing = 0;
		};
/* End PBXResourcesBuildPhase section */

/* Begin PBXShellScriptBuildPhase section */
		A308D86037115BEF7AFB3F3E /* [CP] Copy Pods Resources */ = {
			isa = PBXShellScriptBuildPhase;
			buildActionMask = 2147483647;
			files = (
			);
			inputPaths = (
			);
			name = "[CP] Copy Pods Resources";
			outputPaths = (
			);
			runOnlyForDeploymentPostprocessing = 0;
			shellPath = /bin/sh;
			shellScript = "\"${SRCROOT}/Pods/Target Support Files/Pods-FJU-RENT/Pods-FJU-RENT-resources.sh\"\n";
			showEnvVarsInLog = 0;
		};
		CA623382B4C054CCFACB6D1A /* [CP] Embed Pods Frameworks */ = {
			isa = PBXShellScriptBuildPhase;
			buildActionMask = 2147483647;
			files = (
			);
			inputPaths = (
			);
			name = "[CP] Embed Pods Frameworks";
			outputPaths = (
			);
			runOnlyForDeploymentPostprocessing = 0;
			shellPath = /bin/sh;
			shellScript = "\"${SRCROOT}/Pods/Target Support Files/Pods-FJU-RENT/Pods-FJU-RENT-frameworks.sh\"\n";
			showEnvVarsInLog = 0;
		};
		E882CF92C242B4D4AFB863D2 /* [CP] Check Pods Manifest.lock */ = {
			isa = PBXShellScriptBuildPhase;
			buildActionMask = 2147483647;
			files = (
			);
			inputPaths = (
			);
			name = "[CP] Check Pods Manifest.lock";
			outputPaths = (
			);
			runOnlyForDeploymentPostprocessing = 0;
			shellPath = /bin/sh;
			shellScript = "diff \"${PODS_PODFILE_DIR_PATH}/Podfile.lock\" \"${PODS_ROOT}/Manifest.lock\" > /dev/null\nif [ $? != 0 ] ; then\n    # print error to STDERR\n    echo \"error: The sandbox is not in sync with the Podfile.lock. Run 'pod install' or update your CocoaPods installation.\" >&2\n    exit 1\nfi\n";
			showEnvVarsInLog = 0;
		};
/* End PBXShellScriptBuildPhase section */

/* Begin PBXSourcesBuildPhase section */
		24C51FC01F0ABC3A00EA28F4 /* Sources */ = {
			isa = PBXSourcesBuildPhase;
			buildActionMask = 2147483647;
			files = (
				240D42E11F63F631002C4BBE /* Section.swift in Sources */,
				7AD7191D1F714C7C00AB757A /* PersonalMessageTableViewController.swift in Sources */,
				2434A1AA1F9B2CAC0071C39E /* RankingTableViewCell.swift in Sources */,
				248D498C1F0C4453001FC144 /* LoginViewController.swift in Sources */,
				246FC96A1F288D8400F44CC8 /* LandlordSignupViewController.swift in Sources */,
				2434A1BA1FA602A00071C39E /* HomeViewController.swift in Sources */,
				246FC9681F288D4E00F44CC8 /* TenantSignupViewController.swift in Sources */,
				245D77651F385DDB0022D84C /* PersonalCenterTableViewController.swift in Sources */,
				7AD7191B1F6FC4B900AB757A /* Reports.swift in Sources */,
				7A056DF61F6BC21B0070B8B9 /* FavoriteTableViewController.swift in Sources */,
				DD2968B21F5157BB00FE2050 /* DetailTableViewController.swift in Sources */,
				DEB870D51F5D5A7700080545 /* ChatTableViewCell.swift in Sources */,
				DEB870D71F5FE29000080545 /* GoogleMapsViewController.swift in Sources */,
				DD15F15D1F4D676500FD92A7 /* AddModel.swift in Sources */,
				240D42E41F63F73E002C4BBE /* ExpandableHeaderView.swift in Sources */,
				2434A1A61F9B2C300071C39E /* RankingTableViewController.swift in Sources */,
				DEB870DB1F5FF03D00080545 /* SystemMessageDetailViewController.swift in Sources */,
				24C4736A1F25EEB700A1B9F2 /* ContainerViewController.swift in Sources */,
				DEB870D91F5FF00900080545 /* SystemMessageTableViewController.swift in Sources */,
				244D01701F49296100D726D8 /* Rents.swift in Sources */,
				7AA2BD631F823FF9007D49BE /* MutiMarkerViewController.swift in Sources */,
				24C51FCA1F0ABC3A00EA28F4 /* ViewController.swift in Sources */,
				DD15F1611F4D682900FD92A7 /* DisplayTableViewCell.swift in Sources */,
				24917FE01FA60EAD0007A851 /* Amarker.swift in Sources */,
				DD15F15F1F4D67B200FD92A7 /* RentalTableViewController.swift in Sources */,
				2434A1AC1F9CBDAD0071C39E /* CompareTableViewCell.swift in Sources */,
				7AD719111F6D358A00AB757A /* SearchFooter.swift in Sources */,
				DEB870D11F5D5A0100080545 /* ChatViewController.swift in Sources */,
				7A056DF81F6BC2620070B8B9 /* Favorite.swift in Sources */,
				7AD719211F7154D800AB757A /* PersonalMessageTableViewCell.swift in Sources */,
				2434A1B61F9EC3290071C39E /* HomeTableViewCell.swift in Sources */,
				7A5EF0291F6A60F700DBF507 /* Img.swift in Sources */,
				DEB870DD1F5FF0D100080545 /* SystemMessageTableViewCell.swift in Sources */,
				2434A1B01F9CBE7F0071C39E /* CompareTableViewController.swift in Sources */,
				240D42E91F63FC03002C4BBE /* SearchSelectViewController.swift in Sources */,
				24606E281F403ADF008E6CA1 /* RentSearchTableViewController.swift in Sources */,
				DD229DA41F64088D0004F549 /* EditRentalTableViewController.swift in Sources */,
				244D016A1F46E9B400D726D8 /* RentTableViewCell.swift in Sources */,
				7AD9ACC21F627E9000FD926C /* DetailGoogleMapViewController.swift in Sources */,
				DD793E451F1A1A3C00651D2A /* ResetPwdViewController.swift in Sources */,
				DEB870D31F5D5A3100080545 /* Post.swift in Sources */,
				2434A1AE1F9CBE130071C39E /* CompareModel.swift in Sources */,
				24C51FC81F0ABC3A00EA28F4 /* AppDelegate.swift in Sources */,
				2434A1B21F9CBEA90071C39E /* LatestTableViewController.swift in Sources */,
				2434A1B81F9EC5390071C39E /* GreatValRentTableViewController.swift in Sources */,
				DD8E6F631F5173B3001719ED /* AddRentalTableViewController.swift in Sources */,
			);
			runOnlyForDeploymentPostprocessing = 0;
		};
/* End PBXSourcesBuildPhase section */

/* Begin PBXVariantGroup section */
		24C51FCB1F0ABC3A00EA28F4 /* Main.storyboard */ = {
			isa = PBXVariantGroup;
			children = (
				24C51FCC1F0ABC3A00EA28F4 /* Base */,
			);
			name = Main.storyboard;
			sourceTree = "<group>";
		};
		24C51FD01F0ABC3A00EA28F4 /* LaunchScreen.storyboard */ = {
			isa = PBXVariantGroup;
			children = (
				24C51FD11F0ABC3A00EA28F4 /* Base */,
			);
			name = LaunchScreen.storyboard;
			sourceTree = "<group>";
		};
/* End PBXVariantGroup section */

/* Begin XCBuildConfiguration section */
		24C51FD41F0ABC3A00EA28F4 /* Debug */ = {
			isa = XCBuildConfiguration;
			buildSettings = {
				ALWAYS_SEARCH_USER_PATHS = NO;
				CLANG_ANALYZER_NONNULL = YES;
				CLANG_ANALYZER_NUMBER_OBJECT_CONVERSION = YES_AGGRESSIVE;
				CLANG_CXX_LANGUAGE_STANDARD = "gnu++0x";
				CLANG_CXX_LIBRARY = "libc++";
				CLANG_ENABLE_MODULES = YES;
				CLANG_ENABLE_OBJC_ARC = YES;
				CLANG_WARN_BOOL_CONVERSION = YES;
				CLANG_WARN_CONSTANT_CONVERSION = YES;
				CLANG_WARN_DIRECT_OBJC_ISA_USAGE = YES_ERROR;
				CLANG_WARN_DOCUMENTATION_COMMENTS = YES;
				CLANG_WARN_EMPTY_BODY = YES;
				CLANG_WARN_ENUM_CONVERSION = YES;
				CLANG_WARN_INFINITE_RECURSION = YES;
				CLANG_WARN_INT_CONVERSION = YES;
				CLANG_WARN_OBJC_ROOT_CLASS = YES_ERROR;
				CLANG_WARN_SUSPICIOUS_MOVE = YES;
				CLANG_WARN_UNREACHABLE_CODE = YES;
				CLANG_WARN__DUPLICATE_METHOD_MATCH = YES;
				"CODE_SIGN_IDENTITY[sdk=iphoneos*]" = "iPhone Developer";
				COPY_PHASE_STRIP = NO;
				DEBUG_INFORMATION_FORMAT = dwarf;
				ENABLE_STRICT_OBJC_MSGSEND = YES;
				ENABLE_TESTABILITY = YES;
				GCC_C_LANGUAGE_STANDARD = gnu99;
				GCC_DYNAMIC_NO_PIC = NO;
				GCC_NO_COMMON_BLOCKS = YES;
				GCC_OPTIMIZATION_LEVEL = 0;
				GCC_PREPROCESSOR_DEFINITIONS = (
					"DEBUG=1",
					"$(inherited)",
				);
				GCC_WARN_64_TO_32_BIT_CONVERSION = YES;
				GCC_WARN_ABOUT_RETURN_TYPE = YES_ERROR;
				GCC_WARN_UNDECLARED_SELECTOR = YES;
				GCC_WARN_UNINITIALIZED_AUTOS = YES_AGGRESSIVE;
				GCC_WARN_UNUSED_FUNCTION = YES;
				GCC_WARN_UNUSED_VARIABLE = YES;
				IPHONEOS_DEPLOYMENT_TARGET = 10.3;
				MTL_ENABLE_DEBUG_INFO = YES;
				ONLY_ACTIVE_ARCH = YES;
				SDKROOT = iphoneos;
				SWIFT_ACTIVE_COMPILATION_CONDITIONS = DEBUG;
				SWIFT_OPTIMIZATION_LEVEL = "-Onone";
			};
			name = Debug;
		};
		24C51FD51F0ABC3A00EA28F4 /* Release */ = {
			isa = XCBuildConfiguration;
			buildSettings = {
				ALWAYS_SEARCH_USER_PATHS = NO;
				CLANG_ANALYZER_NONNULL = YES;
				CLANG_ANALYZER_NUMBER_OBJECT_CONVERSION = YES_AGGRESSIVE;
				CLANG_CXX_LANGUAGE_STANDARD = "gnu++0x";
				CLANG_CXX_LIBRARY = "libc++";
				CLANG_ENABLE_MODULES = YES;
				CLANG_ENABLE_OBJC_ARC = YES;
				CLANG_WARN_BOOL_CONVERSION = YES;
				CLANG_WARN_CONSTANT_CONVERSION = YES;
				CLANG_WARN_DIRECT_OBJC_ISA_USAGE = YES_ERROR;
				CLANG_WARN_DOCUMENTATION_COMMENTS = YES;
				CLANG_WARN_EMPTY_BODY = YES;
				CLANG_WARN_ENUM_CONVERSION = YES;
				CLANG_WARN_INFINITE_RECURSION = YES;
				CLANG_WARN_INT_CONVERSION = YES;
				CLANG_WARN_OBJC_ROOT_CLASS = YES_ERROR;
				CLANG_WARN_SUSPICIOUS_MOVE = YES;
				CLANG_WARN_UNREACHABLE_CODE = YES;
				CLANG_WARN__DUPLICATE_METHOD_MATCH = YES;
				"CODE_SIGN_IDENTITY[sdk=iphoneos*]" = "iPhone Developer";
				COPY_PHASE_STRIP = NO;
				DEBUG_INFORMATION_FORMAT = "dwarf-with-dsym";
				ENABLE_NS_ASSERTIONS = NO;
				ENABLE_STRICT_OBJC_MSGSEND = YES;
				GCC_C_LANGUAGE_STANDARD = gnu99;
				GCC_NO_COMMON_BLOCKS = YES;
				GCC_WARN_64_TO_32_BIT_CONVERSION = YES;
				GCC_WARN_ABOUT_RETURN_TYPE = YES_ERROR;
				GCC_WARN_UNDECLARED_SELECTOR = YES;
				GCC_WARN_UNINITIALIZED_AUTOS = YES_AGGRESSIVE;
				GCC_WARN_UNUSED_FUNCTION = YES;
				GCC_WARN_UNUSED_VARIABLE = YES;
				IPHONEOS_DEPLOYMENT_TARGET = 10.3;
				MTL_ENABLE_DEBUG_INFO = NO;
				SDKROOT = iphoneos;
				SWIFT_OPTIMIZATION_LEVEL = "-Owholemodule";
				VALIDATE_PRODUCT = YES;
			};
			name = Release;
		};
		24C51FD71F0ABC3A00EA28F4 /* Debug */ = {
			isa = XCBuildConfiguration;
			baseConfigurationReference = 7310FE69EA64A218934FAB6C /* Pods-FJU-RENT.debug.xcconfig */;
			buildSettings = {
				ASSETCATALOG_COMPILER_APPICON_NAME = AppIcon;
				CLANG_ENABLE_OBJC_ARC = YES;
				"CODE_SIGN_IDENTITY[sdk=iphoneos*]" = "iPhone Developer";
				DEVELOPMENT_TEAM = JVCA9627RE;
				FRAMEWORK_SEARCH_PATHS = (
					"$(inherited)",
					"\"${PODS_ROOT}/FirebaseAnalytics/Frameworks\"",
					"\"${PODS_ROOT}/FirebaseAuth/Frameworks\"",
					"\"${PODS_ROOT}/FirebaseCore/Frameworks\"",
					"\"${PODS_ROOT}/FirebaseDatabase/Frameworks\"",
					"\"${PODS_ROOT}/FirebaseInstanceID/Frameworks\"",
					"\"${PODS_ROOT}/FirebaseStorage/Frameworks\"",
					"\"${PODS_ROOT}/GoogleMaps/Base/Frameworks\"",
					"\"${PODS_ROOT}/GoogleMaps/Maps/Frameworks\"",
					"\"${PODS_ROOT}/GooglePlacePicker/Frameworks\"",
					"\"${PODS_ROOT}/GooglePlaces/Frameworks\"",
					/Users/bomin/Documents/FacebookSDK,
				);
				INFOPLIST_FILE = "FJU-RENT/Info.plist";
				IPHONEOS_DEPLOYMENT_TARGET = 10.3;
				LD_RUNPATH_SEARCH_PATHS = "$(inherited) @executable_path/Frameworks";
				ONLY_ACTIVE_ARCH = YES;
				PRODUCT_BUNDLE_IDENTIFIER = "com.FJU-RENT";
				PRODUCT_NAME = "$(TARGET_NAME)";
				PROVISIONING_PROFILE_SPECIFIER = "";
				SWIFT_VERSION = 3.0;
			};
			name = Debug;
		};
		24C51FD81F0ABC3A00EA28F4 /* Release */ = {
			isa = XCBuildConfiguration;
			baseConfigurationReference = 654CF5A41E9D01F65D9B5050 /* Pods-FJU-RENT.release.xcconfig */;
			buildSettings = {
				ASSETCATALOG_COMPILER_APPICON_NAME = AppIcon;
				CLANG_ENABLE_OBJC_ARC = YES;
				"CODE_SIGN_IDENTITY[sdk=iphoneos*]" = "iPhone Developer";
				DEVELOPMENT_TEAM = JVCA9627RE;
				FRAMEWORK_SEARCH_PATHS = (
					"$(inherited)",
					"\"${PODS_ROOT}/FirebaseAnalytics/Frameworks\"",
					"\"${PODS_ROOT}/FirebaseAuth/Frameworks\"",
					"\"${PODS_ROOT}/FirebaseCore/Frameworks\"",
					"\"${PODS_ROOT}/FirebaseDatabase/Frameworks\"",
					"\"${PODS_ROOT}/FirebaseInstanceID/Frameworks\"",
					"\"${PODS_ROOT}/FirebaseStorage/Frameworks\"",
					"\"${PODS_ROOT}/GoogleMaps/Base/Frameworks\"",
					"\"${PODS_ROOT}/GoogleMaps/Maps/Frameworks\"",
					"\"${PODS_ROOT}/GooglePlacePicker/Frameworks\"",
					"\"${PODS_ROOT}/GooglePlaces/Frameworks\"",
					/Users/bomin/Documents/FacebookSDK,
				);
				INFOPLIST_FILE = "FJU-RENT/Info.plist";
				IPHONEOS_DEPLOYMENT_TARGET = 10.3;
				LD_RUNPATH_SEARCH_PATHS = "$(inherited) @executable_path/Frameworks";
				ONLY_ACTIVE_ARCH = YES;
				PRODUCT_BUNDLE_IDENTIFIER = "com.FJU-RENT";
				PRODUCT_NAME = "$(TARGET_NAME)";
				PROVISIONING_PROFILE_SPECIFIER = "";
				SWIFT_VERSION = 3.0;
			};
			name = Release;
		};
/* End XCBuildConfiguration section */

/* Begin XCConfigurationList section */
		24C51FBF1F0ABC3A00EA28F4 /* Build configuration list for PBXProject "FJU-RENT" */ = {
			isa = XCConfigurationList;
			buildConfigurations = (
				24C51FD41F0ABC3A00EA28F4 /* Debug */,
				24C51FD51F0ABC3A00EA28F4 /* Release */,
			);
			defaultConfigurationIsVisible = 0;
			defaultConfigurationName = Release;
		};
		24C51FD61F0ABC3A00EA28F4 /* Build configuration list for PBXNativeTarget "FJU-RENT" */ = {
			isa = XCConfigurationList;
			buildConfigurations = (
				24C51FD71F0ABC3A00EA28F4 /* Debug */,
				24C51FD81F0ABC3A00EA28F4 /* Release */,
			);
			defaultConfigurationIsVisible = 0;
			defaultConfigurationName = Release;
		};
/* End XCConfigurationList section */
	};
	rootObject = 24C51FBC1F0ABC3A00EA28F4 /* Project object */;
}
