// !$*UTF8*$!
{
	archiveVersion = 1;
	classes = {
	};
	objectVersion = 46;
	objects = {

/* Begin PBXBuildFile section */
		248D498C1F0C4453001FC144 /* LoginViewController.swift in Sources */ = {isa = PBXBuildFile; fileRef = 248D498B1F0C4453001FC144 /* LoginViewController.swift */; };
		24C51FC81F0ABC3A00EA28F4 /* AppDelegate.swift in Sources */ = {isa = PBXBuildFile; fileRef = 24C51FC71F0ABC3A00EA28F4 /* AppDelegate.swift */; };
		24C51FCA1F0ABC3A00EA28F4 /* ViewController.swift in Sources */ = {isa = PBXBuildFile; fileRef = 24C51FC91F0ABC3A00EA28F4 /* ViewController.swift */; };
		24C51FCD1F0ABC3A00EA28F4 /* Main.storyboard in Resources */ = {isa = PBXBuildFile; fileRef = 24C51FCB1F0ABC3A00EA28F4 /* Main.storyboard */; };
		24C51FCF1F0ABC3A00EA28F4 /* Assets.xcassets in Resources */ = {isa = PBXBuildFile; fileRef = 24C51FCE1F0ABC3A00EA28F4 /* Assets.xcassets */; };
		24C51FD21F0ABC3A00EA28F4 /* LaunchScreen.storyboard in Resources */ = {isa = PBXBuildFile; fileRef = 24C51FD01F0ABC3A00EA28F4 /* LaunchScreen.storyboard */; };
		24C51FDF1F0BFB7000EA28F4 /* SignupViewController.swift in Sources */ = {isa = PBXBuildFile; fileRef = 24C51FDE1F0BFB7000EA28F4 /* SignupViewController.swift */; };
		C324846D4FF2A231BF2ADF3F /* libPods-FJU-RENT.a in Frameworks */ = {isa = PBXBuildFile; fileRef = 3D708C30D4AE0C9F73A7DAE3 /* libPods-FJU-RENT.a */; };
		DD1BF05C1F105E98007CF49B /* GoogleService-Info.plist in Resources */ = {isa = PBXBuildFile; fileRef = DD1BF05B1F105E98007CF49B /* GoogleService-Info.plist */; };
/* End PBXBuildFile section */

/* Begin PBXFileReference section */
		248D498B1F0C4453001FC144 /* LoginViewController.swift */ = {isa = PBXFileReference; fileEncoding = 4; lastKnownFileType = sourcecode.swift; path = LoginViewController.swift; sourceTree = "<group>"; };
		24C51FC41F0ABC3A00EA28F4 /* FJU-RENT.app */ = {isa = PBXFileReference; explicitFileType = wrapper.application; includeInIndex = 0; path = "FJU-RENT.app"; sourceTree = BUILT_PRODUCTS_DIR; };
		24C51FC71F0ABC3A00EA28F4 /* AppDelegate.swift */ = {isa = PBXFileReference; lastKnownFileType = sourcecode.swift; path = AppDelegate.swift; sourceTree = "<group>"; };
		24C51FC91F0ABC3A00EA28F4 /* ViewController.swift */ = {isa = PBXFileReference; lastKnownFileType = sourcecode.swift; path = ViewController.swift; sourceTree = "<group>"; };
		24C51FCC1F0ABC3A00EA28F4 /* Base */ = {isa = PBXFileReference; lastKnownFileType = file.storyboard; name = Base; path = Base.lproj/Main.storyboard; sourceTree = "<group>"; };
		24C51FCE1F0ABC3A00EA28F4 /* Assets.xcassets */ = {isa = PBXFileReference; lastKnownFileType = folder.assetcatalog; path = Assets.xcassets; sourceTree = "<group>"; };
		24C51FD11F0ABC3A00EA28F4 /* Base */ = {isa = PBXFileReference; lastKnownFileType = file.storyboard; name = Base; path = Base.lproj/LaunchScreen.storyboard; sourceTree = "<group>"; };
		24C51FD31F0ABC3A00EA28F4 /* Info.plist */ = {isa = PBXFileReference; lastKnownFileType = text.plist.xml; path = Info.plist; sourceTree = "<group>"; };
		24C51FDE1F0BFB7000EA28F4 /* SignupViewController.swift */ = {isa = PBXFileReference; fileEncoding = 4; lastKnownFileType = sourcecode.swift; path = SignupViewController.swift; sourceTree = "<group>"; };
		3D708C30D4AE0C9F73A7DAE3 /* libPods-FJU-RENT.a */ = {isa = PBXFileReference; explicitFileType = archive.ar; includeInIndex = 0; path = "libPods-FJU-RENT.a"; sourceTree = BUILT_PRODUCTS_DIR; };
		654CF5A41E9D01F65D9B5050 /* Pods-FJU-RENT.release.xcconfig */ = {isa = PBXFileReference; includeInIndex = 1; lastKnownFileType = text.xcconfig; name = "Pods-FJU-RENT.release.xcconfig"; path = "Pods/Target Support Files/Pods-FJU-RENT/Pods-FJU-RENT.release.xcconfig"; sourceTree = "<group>"; };
		7310FE69EA64A218934FAB6C /* Pods-FJU-RENT.debug.xcconfig */ = {isa = PBXFileReference; includeInIndex = 1; lastKnownFileType = text.xcconfig; name = "Pods-FJU-RENT.debug.xcconfig"; path = "Pods/Target Support Files/Pods-FJU-RENT/Pods-FJU-RENT.debug.xcconfig"; sourceTree = "<group>"; };
		DD1BF05B1F105E98007CF49B /* GoogleService-Info.plist */ = {isa = PBXFileReference; fileEncoding = 4; lastKnownFileType = text.plist.xml; path = "GoogleService-Info.plist"; sourceTree = "<group>"; };
/* End PBXFileReference section */

/* Begin PBXFrameworksBuildPhase section */
		24C51FC11F0ABC3A00EA28F4 /* Frameworks */ = {
			isa = PBXFrameworksBuildPhase;
			buildActionMask = 2147483647;
			files = (
				C324846D4FF2A231BF2ADF3F /* libPods-FJU-RENT.a in Frameworks */,
			);
			runOnlyForDeploymentPostprocessing = 0;
		};
/* End PBXFrameworksBuildPhase section */

/* Begin PBXGroup section */
		24C51FBB1F0ABC3A00EA28F4 = {
			isa = PBXGroup;
			children = (
				24C51FC61F0ABC3A00EA28F4 /* FJU-RENT */,
				24C51FC51F0ABC3A00EA28F4 /* Products */,
				9754B39880719D364DC5B18C /* Pods */,
				D6AEC56C19688EAD5F68EC50 /* Frameworks */,
			);
			sourceTree = "<group>";
		};
		24C51FC51F0ABC3A00EA28F4 /* Products */ = {
			isa = PBXGroup;
			children = (
				24C51FC41F0ABC3A00EA28F4 /* FJU-RENT.app */,
			);
			name = Products;
			sourceTree = "<group>";
		};
		24C51FC61F0ABC3A00EA28F4 /* FJU-RENT */ = {
			isa = PBXGroup;
			children = (
				24C51FDB1F0BF5FB00EA28F4 /* Controller */,
				24C51FC71F0ABC3A00EA28F4 /* AppDelegate.swift */,
				24C51FCB1F0ABC3A00EA28F4 /* Main.storyboard */,
				24C51FCE1F0ABC3A00EA28F4 /* Assets.xcassets */,
				24C51FD01F0ABC3A00EA28F4 /* LaunchScreen.storyboard */,
				24C51FD31F0ABC3A00EA28F4 /* Info.plist */,
				DD1BF05B1F105E98007CF49B /* GoogleService-Info.plist */,
			);
			path = "FJU-RENT";
			sourceTree = "<group>";
		};
		24C51FDB1F0BF5FB00EA28F4 /* Controller */ = {
			isa = PBXGroup;
			children = (
				24C51FC91F0ABC3A00EA28F4 /* ViewController.swift */,
				24C51FDE1F0BFB7000EA28F4 /* SignupViewController.swift */,
				248D498B1F0C4453001FC144 /* LoginViewController.swift */,
			);
			name = Controller;
			sourceTree = "<group>";
		};
		9754B39880719D364DC5B18C /* Pods */ = {
			isa = PBXGroup;
			children = (
				7310FE69EA64A218934FAB6C /* Pods-FJU-RENT.debug.xcconfig */,
				654CF5A41E9D01F65D9B5050 /* Pods-FJU-RENT.release.xcconfig */,
			);
			name = Pods;
			sourceTree = "<group>";
		};
		D6AEC56C19688EAD5F68EC50 /* Frameworks */ = {
			isa = PBXGroup;
			children = (
				3D708C30D4AE0C9F73A7DAE3 /* libPods-FJU-RENT.a */,
			);
			name = Frameworks;
			sourceTree = "<group>";
		};
/* End PBXGroup section */

/* Begin PBXNativeTarget section */
		24C51FC31F0ABC3A00EA28F4 /* FJU-RENT */ = {
			isa = PBXNativeTarget;
			buildConfigurationList = 24C51FD61F0ABC3A00EA28F4 /* Build configuration list for PBXNativeTarget "FJU-RENT" */;
			buildPhases = (
				E882CF92C242B4D4AFB863D2 /* [CP] Check Pods Manifest.lock */,
				24C51FC01F0ABC3A00EA28F4 /* Sources */,
				24C51FC11F0ABC3A00EA28F4 /* Frameworks */,
				24C51FC21F0ABC3A00EA28F4 /* Resources */,
				CA623382B4C054CCFACB6D1A /* [CP] Embed Pods Frameworks */,
				A308D86037115BEF7AFB3F3E /* [CP] Copy Pods Resources */,
			);
			buildRules = (
			);
			dependencies = (
			);
			name = "FJU-RENT";
			productName = "FJU-RENT";
			productReference = 24C51FC41F0ABC3A00EA28F4 /* FJU-RENT.app */;
			productType = "com.apple.product-type.application";
		};
/* End PBXNativeTarget section */

/* Begin PBXProject section */
		24C51FBC1F0ABC3A00EA28F4 /* Project object */ = {
			isa = PBXProject;
			attributes = {
				LastSwiftUpdateCheck = 0830;
				LastUpgradeCheck = 0830;
				ORGANIZATIONNAME = Bomin;
				TargetAttributes = {
					24C51FC31F0ABC3A00EA28F4 = {
						CreatedOnToolsVersion = 8.3.2;
						ProvisioningStyle = Manual;
					};
				};
			};
			buildConfigurationList = 24C51FBF1F0ABC3A00EA28F4 /* Build configuration list for PBXProject "FJU-RENT" */;
			compatibilityVersion = "Xcode 3.2";
			developmentRegion = English;
			hasScannedForEncodings = 0;
			knownRegions = (
				en,
				Base,
			);
			mainGroup = 24C51FBB1F0ABC3A00EA28F4;
			productRefGroup = 24C51FC51F0ABC3A00EA28F4 /* Products */;
			projectDirPath = "";
			projectRoot = "";
			targets = (
				24C51FC31F0ABC3A00EA28F4 /* FJU-RENT */,
			);
		};
/* End PBXProject section */

/* Begin PBXResourcesBuildPhase section */
		24C51FC21F0ABC3A00EA28F4 /* Resources */ = {
			isa = PBXResourcesBuildPhase;
			buildActionMask = 2147483647;
			files = (
				24C51FD21F0ABC3A00EA28F4 /* LaunchScreen.storyboard in Resources */,
				DD1BF05C1F105E98007CF49B /* GoogleService-Info.plist in Resources */,
				24C51FCF1F0ABC3A00EA28F4 /* Assets.xcassets in Resources */,
				24C51FCD1F0ABC3A00EA28F4 /* Main.storyboard in Resources */,
			);
			runOnlyForDeploymentPostprocessing = 0;
		};
/* End PBXResourcesBuildPhase section */

/* Begin PBXShellScriptBuildPhase section */
		A308D86037115BEF7AFB3F3E /* [CP] Copy Pods Resources */ = {
			isa = PBXShellScriptBuildPhase;
			buildActionMask = 2147483647;
			files = (
			);
			inputPaths = (
			);
			name = "[CP] Copy Pods Resources";
			outputPaths = (
			);
			runOnlyForDeploymentPostprocessing = 0;
			shellPath = /bin/sh;
			shellScript = "\"${SRCROOT}/Pods/Target Support Files/Pods-FJU-RENT/Pods-FJU-RENT-resources.sh\"\n";
			showEnvVarsInLog = 0;
		};
		CA623382B4C054CCFACB6D1A /* [CP] Embed Pods Frameworks */ = {
			isa = PBXShellScriptBuildPhase;
			buildActionMask = 2147483647;
			files = (
			);
			inputPaths = (
			);
			name = "[CP] Embed Pods Frameworks";
			outputPaths = (
			);
			runOnlyForDeploymentPostprocessing = 0;
			shellPath = /bin/sh;
			shellScript = "\"${SRCROOT}/Pods/Target Support Files/Pods-FJU-RENT/Pods-FJU-RENT-frameworks.sh\"\n";
			showEnvVarsInLog = 0;
		};
		E882CF92C242B4D4AFB863D2 /* [CP] Check Pods Manifest.lock */ = {
			isa = PBXShellScriptBuildPhase;
			buildActionMask = 2147483647;
			files = (
			);
			inputPaths = (
			);
			name = "[CP] Check Pods Manifest.lock";
			outputPaths = (
			);
			runOnlyForDeploymentPostprocessing = 0;
			shellPath = /bin/sh;
			shellScript = "diff \"${PODS_PODFILE_DIR_PATH}/Podfile.lock\" \"${PODS_ROOT}/Manifest.lock\" > /dev/null\nif [ $? != 0 ] ; then\n    # print error to STDERR\n    echo \"error: The sandbox is not in sync with the Podfile.lock. Run 'pod install' or update your CocoaPods installation.\" >&2\n    exit 1\nfi\n";
			showEnvVarsInLog = 0;
		};
/* End PBXShellScriptBuildPhase section */

/* Begin PBXSourcesBuildPhase section */
		24C51FC01F0ABC3A00EA28F4 /* Sources */ = {
			isa = PBXSourcesBuildPhase;
			buildActionMask = 2147483647;
			files = (
				248D498C1F0C4453001FC144 /* LoginViewController.swift in Sources */,
				24C51FDF1F0BFB7000EA28F4 /* SignupViewController.swift in Sources */,
				24C51FCA1F0ABC3A00EA28F4 /* ViewController.swift in Sources */,
				24C51FC81F0ABC3A00EA28F4 /* AppDelegate.swift in Sources */,
			);
			runOnlyForDeploymentPostprocessing = 0;
		};
/* End PBXSourcesBuildPhase section */

/* Begin PBXVariantGroup section */
		24C51FCB1F0ABC3A00EA28F4 /* Main.storyboard */ = {
			isa = PBXVariantGroup;
			children = (
				24C51FCC1F0ABC3A00EA28F4 /* Base */,
			);
			name = Main.storyboard;
			sourceTree = "<group>";
		};
		24C51FD01F0ABC3A00EA28F4 /* LaunchScreen.storyboard */ = {
			isa = PBXVariantGroup;
			children = (
				24C51FD11F0ABC3A00EA28F4 /* Base */,
			);
			name = LaunchScreen.storyboard;
			sourceTree = "<group>";
		};
/* End PBXVariantGroup section */

/* Begin XCBuildConfiguration section */
		24C51FD41F0ABC3A00EA28F4 /* Debug */ = {
			isa = XCBuildConfiguration;
			buildSettings = {
				ALWAYS_SEARCH_USER_PATHS = NO;
				CLANG_ANALYZER_NONNULL = YES;
				CLANG_ANALYZER_NUMBER_OBJECT_CONVERSION = YES_AGGRESSIVE;
				CLANG_CXX_LANGUAGE_STANDARD = "gnu++0x";
				CLANG_CXX_LIBRARY = "libc++";
				CLANG_ENABLE_MODULES = YES;
				CLANG_ENABLE_OBJC_ARC = YES;
				CLANG_WARN_BOOL_CONVERSION = YES;
				CLANG_WARN_CONSTANT_CONVERSION = YES;
				CLANG_WARN_DIRECT_OBJC_ISA_USAGE = YES_ERROR;
				CLANG_WARN_DOCUMENTATION_COMMENTS = YES;
				CLANG_WARN_EMPTY_BODY = YES;
				CLANG_WARN_ENUM_CONVERSION = YES;
				CLANG_WARN_INFINITE_RECURSION = YES;
				CLANG_WARN_INT_CONVERSION = YES;
				CLANG_WARN_OBJC_ROOT_CLASS = YES_ERROR;
				CLANG_WARN_SUSPICIOUS_MOVE = YES;
				CLANG_WARN_UNREACHABLE_CODE = YES;
				CLANG_WARN__DUPLICATE_METHOD_MATCH = YES;
				"CODE_SIGN_IDENTITY[sdk=iphoneos*]" = "iPhone Developer";
				COPY_PHASE_STRIP = NO;
				DEBUG_INFORMATION_FORMAT = dwarf;
				ENABLE_STRICT_OBJC_MSGSEND = YES;
				ENABLE_TESTABILITY = YES;
				GCC_C_LANGUAGE_STANDARD = gnu99;
				GCC_DYNAMIC_NO_PIC = NO;
				GCC_NO_COMMON_BLOCKS = YES;
				GCC_OPTIMIZATION_LEVEL = 0;
				GCC_PREPROCESSOR_DEFINITIONS = (
					"DEBUG=1",
					"$(inherited)",
				);
				GCC_WARN_64_TO_32_BIT_CONVERSION = YES;
				GCC_WARN_ABOUT_RETURN_TYPE = YES_ERROR;
				GCC_WARN_UNDECLARED_SELECTOR = YES;
				GCC_WARN_UNINITIALIZED_AUTOS = YES_AGGRESSIVE;
				GCC_WARN_UNUSED_FUNCTION = YES;
				GCC_WARN_UNUSED_VARIABLE = YES;
				IPHONEOS_DEPLOYMENT_TARGET = 10.3;
				MTL_ENABLE_DEBUG_INFO = YES;
				ONLY_ACTIVE_ARCH = YES;
				SDKROOT = iphoneos;
				SWIFT_ACTIVE_COMPILATION_CONDITIONS = DEBUG;
				SWIFT_OPTIMIZATION_LEVEL = "-Onone";
			};
			name = Debug;
		};
		24C51FD51F0ABC3A00EA28F4 /* Release */ = {
			isa = XCBuildConfiguration;
			buildSettings = {
				ALWAYS_SEARCH_USER_PATHS = NO;
				CLANG_ANALYZER_NONNULL = YES;
				CLANG_ANALYZER_NUMBER_OBJECT_CONVERSION = YES_AGGRESSIVE;
				CLANG_CXX_LANGUAGE_STANDARD = "gnu++0x";
				CLANG_CXX_LIBRARY = "libc++";
				CLANG_ENABLE_MODULES = YES;
				CLANG_ENABLE_OBJC_ARC = YES;
				CLANG_WARN_BOOL_CONVERSION = YES;
				CLANG_WARN_CONSTANT_CONVERSION = YES;
				CLANG_WARN_DIRECT_OBJC_ISA_USAGE = YES_ERROR;
				CLANG_WARN_DOCUMENTATION_COMMENTS = YES;
				CLANG_WARN_EMPTY_BODY = YES;
				CLANG_WARN_ENUM_CONVERSION = YES;
				CLANG_WARN_INFINITE_RECURSION = YES;
				CLANG_WARN_INT_CONVERSION = YES;
				CLANG_WARN_OBJC_ROOT_CLASS = YES_ERROR;
				CLANG_WARN_SUSPICIOUS_MOVE = YES;
				CLANG_WARN_UNREACHABLE_CODE = YES;
				CLANG_WARN__DUPLICATE_METHOD_MATCH = YES;
				"CODE_SIGN_IDENTITY[sdk=iphoneos*]" = "iPhone Developer";
				COPY_PHASE_STRIP = NO;
				DEBUG_INFORMATION_FORMAT = "dwarf-with-dsym";
				ENABLE_NS_ASSERTIONS = NO;
				ENABLE_STRICT_OBJC_MSGSEND = YES;
				GCC_C_LANGUAGE_STANDARD = gnu99;
				GCC_NO_COMMON_BLOCKS = YES;
				GCC_WARN_64_TO_32_BIT_CONVERSION = YES;
				GCC_WARN_ABOUT_RETURN_TYPE = YES_ERROR;
				GCC_WARN_UNDECLARED_SELECTOR = YES;
				GCC_WARN_UNINITIALIZED_AUTOS = YES_AGGRESSIVE;
				GCC_WARN_UNUSED_FUNCTION = YES;
				GCC_WARN_UNUSED_VARIABLE = YES;
				IPHONEOS_DEPLOYMENT_TARGET = 10.3;
				MTL_ENABLE_DEBUG_INFO = NO;
				SDKROOT = iphoneos;
				SWIFT_OPTIMIZATION_LEVEL = "-Owholemodule";
				VALIDATE_PRODUCT = YES;
			};
			name = Release;
		};
		24C51FD71F0ABC3A00EA28F4 /* Debug */ = {
			isa = XCBuildConfiguration;
			baseConfigurationReference = 7310FE69EA64A218934FAB6C /* Pods-FJU-RENT.debug.xcconfig */;
			buildSettings = {
				ASSETCATALOG_COMPILER_APPICON_NAME = AppIcon;
				CLANG_ENABLE_OBJC_ARC = YES;
				DEVELOPMENT_TEAM = "";
				INFOPLIST_FILE = "FJU-RENT/Info.plist";
				IPHONEOS_DEPLOYMENT_TARGET = 10.3;
				LD_RUNPATH_SEARCH_PATHS = "$(inherited) @executable_path/Frameworks";
				PRODUCT_BUNDLE_IDENTIFIER = "com.FJU-RENT";
				PRODUCT_NAME = "$(TARGET_NAME)";
				PROVISIONING_PROFILE_SPECIFIER = "";
				SWIFT_VERSION = 3.0;
			};
			name = Debug;
		};
		24C51FD81F0ABC3A00EA28F4 /* Release */ = {
			isa = XCBuildConfiguration;
			baseConfigurationReference = 654CF5A41E9D01F65D9B5050 /* Pods-FJU-RENT.release.xcconfig */;
			buildSettings = {
				ASSETCATALOG_COMPILER_APPICON_NAME = AppIcon;
				CLANG_ENABLE_OBJC_ARC = YES;
				DEVELOPMENT_TEAM = "";
				INFOPLIST_FILE = "FJU-RENT/Info.plist";
				IPHONEOS_DEPLOYMENT_TARGET = 10.3;
				LD_RUNPATH_SEARCH_PATHS = "$(inherited) @executable_path/Frameworks";
				PRODUCT_BUNDLE_IDENTIFIER = "com.FJU-RENT";
				PRODUCT_NAME = "$(TARGET_NAME)";
				PROVISIONING_PROFILE_SPECIFIER = "";
				SWIFT_VERSION = 3.0;
			};
			name = Release;
		};
/* End XCBuildConfiguration section */

/* Begin XCConfigurationList section */
		24C51FBF1F0ABC3A00EA28F4 /* Build configuration list for PBXProject "FJU-RENT" */ = {
			isa = XCConfigurationList;
			buildConfigurations = (
				24C51FD41F0ABC3A00EA28F4 /* Debug */,
				24C51FD51F0ABC3A00EA28F4 /* Release */,
			);
			defaultConfigurationIsVisible = 0;
			defaultConfigurationName = Release;
		};
		24C51FD61F0ABC3A00EA28F4 /* Build configuration list for PBXNativeTarget "FJU-RENT" */ = {
			isa = XCConfigurationList;
			buildConfigurations = (
				24C51FD71F0ABC3A00EA28F4 /* Debug */,
				24C51FD81F0ABC3A00EA28F4 /* Release */,
			);
			defaultConfigurationIsVisible = 0;
			defaultConfigurationName = Release;
		};
/* End XCConfigurationList section */
	};
	rootObject = 24C51FBC1F0ABC3A00EA28F4 /* Project object */;
}
